
Microsoft Visual Studio Solution File, Format Version 12.00
# Visual Studio Version 16
VisualStudioVersion = 16.0.28729.10
MinimumVisualStudioVersion = 10.0.40219.1
Project("{FAE04EC0-301F-11D3-BF4B-00C04F79EFBC}") = "AppHarborBlazorTest", "AppHarborBlazorTest\AppHarborBlazorTest.csproj", "{215E29C3-1B5A-4E50-8847-BE3476A1515B}"
EndProject
Global
	GlobalSection(SolutionConfigurationPlatforms) = preSolution
		Debug|Any CPU = Debug|Any CPU
		Release|Any CPU = Release|Any CPU
	EndGlobalSection
	GlobalSection(ProjectConfigurationPlatforms) = postSolution
		{215E29C3-1B5A-4E50-8847-BE3476A1515B}.Debug|Any CPU.ActiveCfg = Debug|Any CPU
		{215E29C3-1B5A-4E50-8847-BE3476A1515B}.Debug|Any CPU.Build.0 = Debug|Any CPU
		{215E29C3-1B5A-4E50-8847-BE3476A1515B}.Release|Any CPU.ActiveCfg = Release|Any CPU
		{215E29C3-1B5A-4E50-8847-BE3476A1515B}.Release|Any CPU.Build.0 = Release|Any CPU
	EndGlobalSection
	GlobalSection(SolutionProperties) = preSolution
		HideSolutionNode = FALSE
	EndGlobalSection
	GlobalSection(ExtensibilityGlobals) = postSolution
		SolutionGuid = {B7501DE9-369E-4374-9297-CB7A94B05122}
	EndGlobalSection
EndGlobal
